// !$*UTF8*$!
{
	archiveVersion = 1;
	classes = {
	};
	objectVersion = 50;
	objects = {

/* Begin PBXBuildFile section */
		B406ED5B2319C2FD0064191F /* CategoryViewController.swift in Sources */ = {isa = PBXBuildFile; fileRef = B406ED5A2319C2FD0064191F /* CategoryViewController.swift */; };
		B408BBE42312F21C0098079E /* AppDelegate.swift in Sources */ = {isa = PBXBuildFile; fileRef = B408BBE32312F21C0098079E /* AppDelegate.swift */; };
		B408BBE62312F21C0098079E /* TodoListViewController.swift in Sources */ = {isa = PBXBuildFile; fileRef = B408BBE52312F21C0098079E /* TodoListViewController.swift */; };
		B408BBE92312F21C0098079E /* Main.storyboard in Resources */ = {isa = PBXBuildFile; fileRef = B408BBE72312F21C0098079E /* Main.storyboard */; };
		B408BBEB2312F21E0098079E /* Assets.xcassets in Resources */ = {isa = PBXBuildFile; fileRef = B408BBEA2312F21E0098079E /* Assets.xcassets */; };
		B408BBEE2312F21E0098079E /* LaunchScreen.storyboard in Resources */ = {isa = PBXBuildFile; fileRef = B408BBEC2312F21E0098079E /* LaunchScreen.storyboard */; };
		B48480BC2316E4E20026F95F /* DataModel.xcdatamodeld in Sources */ = {isa = PBXBuildFile; fileRef = B48480BA2316E4E20026F95F /* DataModel.xcdatamodeld */; };
/* End PBXBuildFile section */

/* Begin PBXFileReference section */
		B406ED5A2319C2FD0064191F /* CategoryViewController.swift */ = {isa = PBXFileReference; lastKnownFileType = sourcecode.swift; path = CategoryViewController.swift; sourceTree = "<group>"; };
		B408BBE02312F21C0098079E /* Todoey.app */ = {isa = PBXFileReference; explicitFileType = wrapper.application; includeInIndex = 0; path = Todoey.app; sourceTree = BUILT_PRODUCTS_DIR; };
		B408BBE32312F21C0098079E /* AppDelegate.swift */ = {isa = PBXFileReference; lastKnownFileType = sourcecode.swift; path = AppDelegate.swift; sourceTree = "<group>"; };
		B408BBE52312F21C0098079E /* TodoListViewController.swift */ = {isa = PBXFileReference; lastKnownFileType = sourcecode.swift; path = TodoListViewController.swift; sourceTree = "<group>"; };
		B408BBE82312F21C0098079E /* Base */ = {isa = PBXFileReference; lastKnownFileType = file.storyboard; name = Base; path = Base.lproj/Main.storyboard; sourceTree = "<group>"; };
		B408BBEA2312F21E0098079E /* Assets.xcassets */ = {isa = PBXFileReference; lastKnownFileType = folder.assetcatalog; path = Assets.xcassets; sourceTree = "<group>"; };
		B408BBED2312F21E0098079E /* Base */ = {isa = PBXFileReference; lastKnownFileType = file.storyboard; name = Base; path = Base.lproj/LaunchScreen.storyboard; sourceTree = "<group>"; };
		B408BBEF2312F21E0098079E /* Info.plist */ = {isa = PBXFileReference; lastKnownFileType = text.plist.xml; path = Info.plist; sourceTree = "<group>"; };
		B48480BB2316E4E20026F95F /* DataModel.xcdatamodel */ = {isa = PBXFileReference; lastKnownFileType = wrapper.xcdatamodel; path = DataModel.xcdatamodel; sourceTree = "<group>"; };
/* End PBXFileReference section */

/* Begin PBXFrameworksBuildPhase section */
		B408BBDD2312F21C0098079E /* Frameworks */ = {
			isa = PBXFrameworksBuildPhase;
			buildActionMask = 2147483647;
			files = (
			);
			runOnlyForDeploymentPostprocessing = 0;
		};
/* End PBXFrameworksBuildPhase section */

/* Begin PBXGroup section */
		B400C98023144C4A0069D115 /* Data Model */ = {
			isa = PBXGroup;
			children = (
				B48480BA2316E4E20026F95F /* DataModel.xcdatamodeld */,
			);
			name = "Data Model";
			sourceTree = "<group>";
		};
		B400C98123144C6A0069D115 /* Controllers */ = {
			isa = PBXGroup;
			children = (
				B406ED5A2319C2FD0064191F /* CategoryViewController.swift */,
				B408BBE52312F21C0098079E /* TodoListViewController.swift */,
			);
			name = Controllers;
			sourceTree = "<group>";
		};
		B400C98223144C900069D115 /* Views */ = {
			isa = PBXGroup;
			children = (
				B408BBE72312F21C0098079E /* Main.storyboard */,
			);
			name = Views;
			sourceTree = "<group>";
		};
		B400C98323144CAB0069D115 /* Supporting Files */ = {
			isa = PBXGroup;
			children = (
				B408BBEA2312F21E0098079E /* Assets.xcassets */,
				B408BBEC2312F21E0098079E /* LaunchScreen.storyboard */,
			);
			name = "Supporting Files";
			sourceTree = "<group>";
		};
		B408BBD72312F21C0098079E = {
			isa = PBXGroup;
			children = (
				B408BBE22312F21C0098079E /* Todoey */,
				B408BBE12312F21C0098079E /* Products */,
			);
			sourceTree = "<group>";
		};
		B408BBE12312F21C0098079E /* Products */ = {
			isa = PBXGroup;
			children = (
				B408BBE02312F21C0098079E /* Todoey.app */,
			);
			name = Products;
			sourceTree = "<group>";
		};
		B408BBE22312F21C0098079E /* Todoey */ = {
			isa = PBXGroup;
			children = (
				B400C98023144C4A0069D115 /* Data Model */,
				B408BBE32312F21C0098079E /* AppDelegate.swift */,
				B400C98123144C6A0069D115 /* Controllers */,
				B400C98223144C900069D115 /* Views */,
				B400C98323144CAB0069D115 /* Supporting Files */,
				B408BBEF2312F21E0098079E /* Info.plist */,
			);
			path = Todoey;
			sourceTree = "<group>";
		};
/* End PBXGroup section */

/* Begin PBXNativeTarget section */
		B408BBDF2312F21C0098079E /* Todoey */ = {
			isa = PBXNativeTarget;
			buildConfigurationList = B408BBF22312F21E0098079E /* Build configuration list for PBXNativeTarget "Todoey" */;
			buildPhases = (
				B408BBDC2312F21C0098079E /* Sources */,
				B408BBDD2312F21C0098079E /* Frameworks */,
				B408BBDE2312F21C0098079E /* Resources */,
			);
			buildRules = (
			);
			dependencies = (
			);
			name = Todoey;
			productName = Todoey;
			productReference = B408BBE02312F21C0098079E /* Todoey.app */;
			productType = "com.apple.product-type.application";
		};
/* End PBXNativeTarget section */

/* Begin PBXProject section */
		B408BBD82312F21C0098079E /* Project object */ = {
			isa = PBXProject;
			attributes = {
				LastSwiftUpdateCheck = 1030;
				LastUpgradeCheck = 1030;
				ORGANIZATIONNAME = "Alberto Hernandez Testa";
				TargetAttributes = {
					B408BBDF2312F21C0098079E = {
						CreatedOnToolsVersion = 10.3;
					};
				};
			};
			buildConfigurationList = B408BBDB2312F21C0098079E /* Build configuration list for PBXProject "Todoey" */;
			compatibilityVersion = "Xcode 9.3";
			developmentRegion = en;
			hasScannedForEncodings = 0;
			knownRegions = (
				en,
				Base,
			);
			mainGroup = B408BBD72312F21C0098079E;
			productRefGroup = B408BBE12312F21C0098079E /* Products */;
			projectDirPath = "";
			projectRoot = "";
			targets = (
				B408BBDF2312F21C0098079E /* Todoey */,
			);
		};
/* End PBXProject section */

/* Begin PBXResourcesBuildPhase section */
		B408BBDE2312F21C0098079E /* Resources */ = {
			isa = PBXResourcesBuildPhase;
			buildActionMask = 2147483647;
			files = (
				B408BBEE2312F21E0098079E /* LaunchScreen.storyboard in Resources */,
				B408BBEB2312F21E0098079E /* Assets.xcassets in Resources */,
				B408BBE92312F21C0098079E /* Main.storyboard in Resources */,
			);
			runOnlyForDeploymentPostprocessing = 0;
		};
/* End PBXResourcesBuildPhase section */

/* Begin PBXSourcesBuildPhase section */
		B408BBDC2312F21C0098079E /* Sources */ = {
			isa = PBXSourcesBuildPhase;
			buildActionMask = 2147483647;
			files = (
				B406ED5B2319C2FD0064191F /* CategoryViewController.swift in Sources */,
				B408BBE62312F21C0098079E /* TodoListViewController.swift in Sources */,
				B48480BC2316E4E20026F95F /* DataModel.xcdatamodeld in Sources */,
				B408BBE42312F21C0098079E /* AppDelegate.swift in Sources */,
			);
			runOnlyForDeploymentPostprocessing = 0;
		};
/* End PBXSourcesBuildPhase section */

/* Begin PBXVariantGroup section */
		B408BBE72312F21C0098079E /* Main.storyboard */ = {
			isa = PBXVariantGroup;
			children = (
				B408BBE82312F21C0098079E /* Base */,
			);
			name = Main.storyboard;
			sourceTree = "<group>";
		};
		B408BBEC2312F21E0098079E /* LaunchScreen.storyboard */ = {
			isa = PBXVariantGroup;
			children = (
				B408BBED2312F21E0098079E /* Base */,
			);
			name = LaunchScreen.storyboard;
			sourceTree = "<group>";
		};
/* End PBXVariantGroup section */

/* Begin XCBuildConfiguration section */
		B408BBF02312F21E0098079E /* Debug */ = {
			isa = XCBuildConfiguration;
			buildSettings = {
				ALWAYS_SEARCH_USER_PATHS = NO;
				CLANG_ANALYZER_NONNULL = YES;
				CLANG_ANALYZER_NUMBER_OBJECT_CONVERSION = YES_AGGRESSIVE;
				CLANG_CXX_LANGUAGE_STANDARD = "gnu++14";
				CLANG_CXX_LIBRARY = "libc++";
				CLANG_ENABLE_MODULES = YES;
				CLANG_ENABLE_OBJC_ARC = YES;
				CLANG_ENABLE_OBJC_WEAK = YES;
				CLANG_WARN_BLOCK_CAPTURE_AUTORELEASING = YES;
				CLANG_WARN_BOOL_CONVERSION = YES;
				CLANG_WARN_COMMA = YES;
				CLANG_WARN_CONSTANT_CONVERSION = YES;
				CLANG_WARN_DEPRECATED_OBJC_IMPLEMENTATIONS = YES;
				CLANG_WARN_DIRECT_OBJC_ISA_USAGE = YES_ERROR;
				CLANG_WARN_DOCUMENTATION_COMMENTS = YES;
				CLANG_WARN_EMPTY_BODY = YES;
				CLANG_WARN_ENUM_CONVERSION = YES;
				CLANG_WARN_INFINITE_RECURSION = YES;
				CLANG_WARN_INT_CONVERSION = YES;
				CLANG_WARN_NON_LITERAL_NULL_CONVERSION = YES;
				CLANG_WARN_OBJC_IMPLICIT_RETAIN_SELF = YES;
				CLANG_WARN_OBJC_LITERAL_CONVERSION = YES;
				CLANG_WARN_OBJC_ROOT_CLASS = YES_ERROR;
				CLANG_WARN_RANGE_LOOP_ANALYSIS = YES;
				CLANG_WARN_STRICT_PROTOTYPES = YES;
				CLANG_WARN_SUSPICIOUS_MOVE = YES;
				CLANG_WARN_UNGUARDED_AVAILABILITY = YES_AGGRESSIVE;
				CLANG_WARN_UNREACHABLE_CODE = YES;
				CLANG_WARN__DUPLICATE_METHOD_MATCH = YES;
				CODE_SIGN_IDENTITY = "iPhone Developer";
				COPY_PHASE_STRIP = NO;
				DEBUG_INFORMATION_FORMAT = dwarf;
				ENABLE_STRICT_OBJC_MSGSEND = YES;
				ENABLE_TESTABILITY = YES;
				GCC_C_LANGUAGE_STANDARD = gnu11;
				GCC_DYNAMIC_NO_PIC = NO;
				GCC_NO_COMMON_BLOCKS = YES;
				GCC_OPTIMIZATION_LEVEL = 0;
				GCC_PREPROCESSOR_DEFINITIONS = (
					"DEBUG=1",
					"$(inherited)",
				);
				GCC_WARN_64_TO_32_BIT_CONVERSION = YES;
				GCC_WARN_ABOUT_RETURN_TYPE = YES_ERROR;
				GCC_WARN_UNDECLARED_SELECTOR = YES;
				GCC_WARN_UNINITIALIZED_AUTOS = YES_AGGRESSIVE;
				GCC_WARN_UNUSED_FUNCTION = YES;
				GCC_WARN_UNUSED_VARIABLE = YES;
				IPHONEOS_DEPLOYMENT_TARGET = 12.4;
				MTL_ENABLE_DEBUG_INFO = INCLUDE_SOURCE;
				MTL_FAST_MATH = YES;
				ONLY_ACTIVE_ARCH = YES;
				SDKROOT = iphoneos;
				SWIFT_ACTIVE_COMPILATION_CONDITIONS = DEBUG;
				SWIFT_OPTIMIZATION_LEVEL = "-Onone";
			};
			name = Debug;
		};
		B408BBF12312F21E0098079E /* Release */ = {
			isa = XCBuildConfiguration;
			buildSettings = {
				ALWAYS_SEARCH_USER_PATHS = NO;
				CLANG_ANALYZER_NONNULL = YES;
				CLANG_ANALYZER_NUMBER_OBJECT_CONVERSION = YES_AGGRESSIVE;
				CLANG_CXX_LANGUAGE_STANDARD = "gnu++14";
				CLANG_CXX_LIBRARY = "libc++";
				CLANG_ENABLE_MODULES = YES;
				CLANG_ENABLE_OBJC_ARC = YES;
				CLANG_ENABLE_OBJC_WEAK = YES;
				CLANG_WARN_BLOCK_CAPTURE_AUTORELEASING = YES;
				CLANG_WARN_BOOL_CONVERSION = YES;
				CLANG_WARN_COMMA = YES;
				CLANG_WARN_CONSTANT_CONVERSION = YES;
				CLANG_WARN_DEPRECATED_OBJC_IMPLEMENTATIONS = YES;
				CLANG_WARN_DIRECT_OBJC_ISA_USAGE = YES_ERROR;
				CLANG_WARN_DOCUMENTATION_COMMENTS = YES;
				CLANG_WARN_EMPTY_BODY = YES;
				CLANG_WARN_ENUM_CONVERSION = YES;
				CLANG_WARN_INFINITE_RECURSION = YES;
				CLANG_WARN_INT_CONVERSION = YES;
				CLANG_WARN_NON_LITERAL_NULL_CONVERSION = YES;
				CLANG_WARN_OBJC_IMPLICIT_RETAIN_SELF = YES;
				CLANG_WARN_OBJC_LITERAL_CONVERSION = YES;
				CLANG_WARN_OBJC_ROOT_CLASS = YES_ERROR;
				CLANG_WARN_RANGE_LOOP_ANALYSIS = YES;
				CLANG_WARN_STRICT_PROTOTYPES = YES;
				CLANG_WARN_SUSPICIOUS_MOVE = YES;
				CLANG_WARN_UNGUARDED_AVAILABILITY = YES_AGGRESSIVE;
				CLANG_WARN_UNREACHABLE_CODE = YES;
				CLANG_WARN__DUPLICATE_METHOD_MATCH = YES;
				CODE_SIGN_IDENTITY = "iPhone Developer";
				COPY_PHASE_STRIP = NO;
				DEBUG_INFORMATION_FORMAT = "dwarf-with-dsym";
				ENABLE_NS_ASSERTIONS = NO;
				ENABLE_STRICT_OBJC_MSGSEND = YES;
				GCC_C_LANGUAGE_STANDARD = gnu11;
				GCC_NO_COMMON_BLOCKS = YES;
				GCC_WARN_64_TO_32_BIT_CONVERSION = YES;
				GCC_WARN_ABOUT_RETURN_TYPE = YES_ERROR;
				GCC_WARN_UNDECLARED_SELECTOR = YES;
				GCC_WARN_UNINITIALIZED_AUTOS = YES_AGGRESSIVE;
				GCC_WARN_UNUSED_FUNCTION = YES;
				GCC_WARN_UNUSED_VARIABLE = YES;
				IPHONEOS_DEPLOYMENT_TARGET = 12.4;
				MTL_ENABLE_DEBUG_INFO = NO;
				MTL_FAST_MATH = YES;
				SDKROOT = iphoneos;
				SWIFT_COMPILATION_MODE = wholemodule;
				SWIFT_OPTIMIZATION_LEVEL = "-O";
				VALIDATE_PRODUCT = YES;
			};
			name = Release;
		};
		B408BBF32312F21E0098079E /* Debug */ = {
			isa = XCBuildConfiguration;
			buildSettings = {
				ASSETCATALOG_COMPILER_APPICON_NAME = AppIcon;
				CODE_SIGN_STYLE = Automatic;
				DEVELOPMENT_TEAM = 96AD52N93S;
				INFOPLIST_FILE = Todoey/Info.plist;
				LD_RUNPATH_SEARCH_PATHS = (
					"$(inherited)",
					"@executable_path/Frameworks",
				);
				PRODUCT_BUNDLE_IDENTIFIER = com.albertohtesta.Todoey;
				PRODUCT_NAME = "$(TARGET_NAME)";
				SWIFT_VERSION = 5.0;
				TARGETED_DEVICE_FAMILY = "1,2";
			};
			name = Debug;
		};
		B408BBF42312F21E0098079E /* Release */ = {
			isa = XCBuildConfiguration;
			buildSettings = {
				ASSETCATALOG_COMPILER_APPICON_NAME = AppIcon;
				CODE_SIGN_STYLE = Automatic;
				DEVELOPMENT_TEAM = 96AD52N93S;
				INFOPLIST_FILE = Todoey/Info.plist;
				LD_RUNPATH_SEARCH_PATHS = (
					"$(inherited)",
					"@executable_path/Frameworks",
				);
				PRODUCT_BUNDLE_IDENTIFIER = com.albertohtesta.Todoey;
				PRODUCT_NAME = "$(TARGET_NAME)";
				SWIFT_VERSION = 5.0;
				TARGETED_DEVICE_FAMILY = "1,2";
			};
			name = Release;
		};
/* End XCBuildConfiguration section */

/* Begin XCConfigurationList section */
		B408BBDB2312F21C0098079E /* Build configuration list for PBXProject "Todoey" */ = {
			isa = XCConfigurationList;
			buildConfigurations = (
				B408BBF02312F21E0098079E /* Debug */,
				B408BBF12312F21E0098079E /* Release */,
			);
			defaultConfigurationIsVisible = 0;
			defaultConfigurationName = Release;
		};
		B408BBF22312F21E0098079E /* Build configuration list for PBXNativeTarget "Todoey" */ = {
			isa = XCConfigurationList;
			buildConfigurations = (
				B408BBF32312F21E0098079E /* Debug */,
				B408BBF42312F21E0098079E /* Release */,
			);
			defaultConfigurationIsVisible = 0;
			defaultConfigurationName = Release;
		};
/* End XCConfigurationList section */

/* Begin XCVersionGroup section */
		B48480BA2316E4E20026F95F /* DataModel.xcdatamodeld */ = {
			isa = XCVersionGroup;
			children = (
				B48480BB2316E4E20026F95F /* DataModel.xcdatamodel */,
			);
			currentVersion = B48480BB2316E4E20026F95F /* DataModel.xcdatamodel */;
			path = DataModel.xcdatamodeld;
			sourceTree = "<group>";
			versionGroupType = wrapper.xcdatamodel;
		};
/* End XCVersionGroup section */
	};
	rootObject = B408BBD82312F21C0098079E /* Project object */;
}
